
Microsoft Visual Studio Solution File, Format Version 12.00
# Visual Studio 15
VisualStudioVersion = 15.0.26430.13
MinimumVisualStudioVersion = 10.0.40219.1
Project("{FAE04EC0-301F-11D3-BF4B-00C04F79EFBC}") = "Library", "Library\Library.csproj", "{24E2CDEA-C211-4388-A1F8-C450996816D2}"
EndProject
Project("{FAE04EC0-301F-11D3-BF4B-00C04F79EFBC}") = "UnitTests", "UnitTests\UnitTests.csproj", "{3454854E-B4BB-457C-AAA4-AC138A99E23A}"
EndProject
Project("{FAE04EC0-301F-11D3-BF4B-00C04F79EFBC}") = "App", "App\App.csproj", "{89D761BF-B603-462E-ABD2-450C739B3E20}"
EndProject
Global
	GlobalSection(SolutionConfigurationPlatforms) = preSolution
		Debug|Any CPU = Debug|Any CPU
		Release|Any CPU = Release|Any CPU
	EndGlobalSection
	GlobalSection(ProjectConfigurationPlatforms) = postSolution
		{24E2CDEA-C211-4388-A1F8-C450996816D2}.Debug|Any CPU.ActiveCfg = Debug|Any CPU
		{24E2CDEA-C211-4388-A1F8-C450996816D2}.Debug|Any CPU.Build.0 = Debug|Any CPU
		{24E2CDEA-C211-4388-A1F8-C450996816D2}.Release|Any CPU.ActiveCfg = Release|Any CPU
		{24E2CDEA-C211-4388-A1F8-C450996816D2}.Release|Any CPU.Build.0 = Release|Any CPU
		{3454854E-B4BB-457C-AAA4-AC138A99E23A}.Debug|Any CPU.ActiveCfg = Debug|Any CPU
		{3454854E-B4BB-457C-AAA4-AC138A99E23A}.Debug|Any CPU.Build.0 = Debug|Any CPU
		{3454854E-B4BB-457C-AAA4-AC138A99E23A}.Release|Any CPU.ActiveCfg = Release|Any CPU
		{3454854E-B4BB-457C-AAA4-AC138A99E23A}.Release|Any CPU.Build.0 = Release|Any CPU
		{89D761BF-B603-462E-ABD2-450C739B3E20}.Debug|Any CPU.ActiveCfg = Debug|Any CPU
		{89D761BF-B603-462E-ABD2-450C739B3E20}.Debug|Any CPU.Build.0 = Debug|Any CPU
		{89D761BF-B603-462E-ABD2-450C739B3E20}.Release|Any CPU.ActiveCfg = Release|Any CPU
		{89D761BF-B603-462E-ABD2-450C739B3E20}.Release|Any CPU.Build.0 = Release|Any CPU
	EndGlobalSection
	GlobalSection(SolutionProperties) = preSolution
		HideSolutionNode = FALSE
	EndGlobalSection
EndGlobal
